// !$*UTF8*$!
{
	archiveVersion = 1;
	classes = {
	};
	objectVersion = 55;
	objects = {

/* Begin PBXBuildFile section */
		052741E3287DF6A9009733DF /* HTTPError.swift in Sources */ = {isa = PBXBuildFile; fileRef = 052741E2287DF6A9009733DF /* HTTPError.swift */; };
		052741EE287DF74E009733DF /* Jobsity_ChallengeTests.swift in Sources */ = {isa = PBXBuildFile; fileRef = 052741ED287DF74E009733DF /* Jobsity_ChallengeTests.swift */; };
		052741F4287DF753009733DF /* PokemonTests.swift in Sources */ = {isa = PBXBuildFile; fileRef = 052741E5287DF6E5009733DF /* PokemonTests.swift */; };
		05585C75287DCDB5007F6205 /* AppDelegate.swift in Sources */ = {isa = PBXBuildFile; fileRef = 05585C74287DCDB5007F6205 /* AppDelegate.swift */; };
		05585C77287DCDB5007F6205 /* SceneDelegate.swift in Sources */ = {isa = PBXBuildFile; fileRef = 05585C76287DCDB5007F6205 /* SceneDelegate.swift */; };
		05585C7F287DCDB5007F6205 /* Jobsity_Challenge.xcdatamodeld in Sources */ = {isa = PBXBuildFile; fileRef = 05585C7D287DCDB5007F6205 /* Jobsity_Challenge.xcdatamodeld */; };
		05585C81287DCDB6007F6205 /* Assets.xcassets in Resources */ = {isa = PBXBuildFile; fileRef = 05585C80287DCDB6007F6205 /* Assets.xcassets */; };
		05585C84287DCDB6007F6205 /* LaunchScreen.storyboard in Resources */ = {isa = PBXBuildFile; fileRef = 05585C82287DCDB6007F6205 /* LaunchScreen.storyboard */; };
		05585C90287DCE8B007F6205 /* AppCoordinating.swift in Sources */ = {isa = PBXBuildFile; fileRef = 05585C8F287DCE8B007F6205 /* AppCoordinating.swift */; };
		05585C92287DCE91007F6205 /* AppCoordinator.swift in Sources */ = {isa = PBXBuildFile; fileRef = 05585C91287DCE91007F6205 /* AppCoordinator.swift */; };
		05585C94287DCEC7007F6205 /* Coordinator.swift in Sources */ = {isa = PBXBuildFile; fileRef = 05585C93287DCEC7007F6205 /* Coordinator.swift */; };
		05585C98287DD041007F6205 /* SeriesListViewController.swift in Sources */ = {isa = PBXBuildFile; fileRef = 05585C96287DD041007F6205 /* SeriesListViewController.swift */; };
		05585C99287DD041007F6205 /* SeriesListViewController.xib in Resources */ = {isa = PBXBuildFile; fileRef = 05585C97287DD041007F6205 /* SeriesListViewController.xib */; };
		05E368A1287DD747006C05C3 /* Kingfisher in Frameworks */ = {isa = PBXBuildFile; productRef = 05E368A0287DD747006C05C3 /* Kingfisher */; };
		05E368A4287DD778006C05C3 /* RxCocoa in Frameworks */ = {isa = PBXBuildFile; productRef = 05E368A3287DD778006C05C3 /* RxCocoa */; };
		05E368A6287DD778006C05C3 /* RxRelay in Frameworks */ = {isa = PBXBuildFile; productRef = 05E368A5287DD778006C05C3 /* RxRelay */; };
		05E368A8287DD778006C05C3 /* RxSwift in Frameworks */ = {isa = PBXBuildFile; productRef = 05E368A7287DD778006C05C3 /* RxSwift */; };
		05E368AB287DD7DC006C05C3 /* SkeletonView in Frameworks */ = {isa = PBXBuildFile; productRef = 05E368AA287DD7DC006C05C3 /* SkeletonView */; };
		05E368AD287DD80F006C05C3 /* SeriesListViewModel.swift in Sources */ = {isa = PBXBuildFile; fileRef = 05E368AC287DD80F006C05C3 /* SeriesListViewModel.swift */; };
		05E368B0287DEE85006C05C3 /* UIViewController+Extensions.swift in Sources */ = {isa = PBXBuildFile; fileRef = 05E368AF287DEE85006C05C3 /* UIViewController+Extensions.swift */; };
		05E368BD287DF0FE006C05C3 /* HTTPClient.swift in Sources */ = {isa = PBXBuildFile; fileRef = 05E368BC287DF0FE006C05C3 /* HTTPClient.swift */; };
		05E368BF287DF31E006C05C3 /* Pokemon.swift in Sources */ = {isa = PBXBuildFile; fileRef = 05E368BE287DF31E006C05C3 /* Pokemon.swift */; };
		05E368C1287DF343006C05C3 /* PokemonRepository.swift in Sources */ = {isa = PBXBuildFile; fileRef = 05E368C0287DF343006C05C3 /* PokemonRepository.swift */; };
		05E368C3287DF564006C05C3 /* GetAllPokemonsUseCase.swift in Sources */ = {isa = PBXBuildFile; fileRef = 05E368C2287DF564006C05C3 /* GetAllPokemonsUseCase.swift */; };
/* End PBXBuildFile section */

/* Begin PBXContainerItemProxy section */
		052741EF287DF74E009733DF /* PBXContainerItemProxy */ = {
			isa = PBXContainerItemProxy;
			containerPortal = 05585C69287DCDB5007F6205 /* Project object */;
			proxyType = 1;
			remoteGlobalIDString = 05585C70287DCDB5007F6205;
			remoteInfo = "Jobsity-Challenge";
		};
/* End PBXContainerItemProxy section */

/* Begin PBXFileReference section */
		052741E2287DF6A9009733DF /* HTTPError.swift */ = {isa = PBXFileReference; lastKnownFileType = sourcecode.swift; path = HTTPError.swift; sourceTree = "<group>"; };
		052741E5287DF6E5009733DF /* PokemonTests.swift */ = {isa = PBXFileReference; lastKnownFileType = sourcecode.swift; path = PokemonTests.swift; sourceTree = "<group>"; };
		052741EB287DF74E009733DF /* Jobsity-ChallengeTests.xctest */ = {isa = PBXFileReference; explicitFileType = wrapper.cfbundle; includeInIndex = 0; path = "Jobsity-ChallengeTests.xctest"; sourceTree = BUILT_PRODUCTS_DIR; };
		052741ED287DF74E009733DF /* Jobsity_ChallengeTests.swift */ = {isa = PBXFileReference; lastKnownFileType = sourcecode.swift; path = Jobsity_ChallengeTests.swift; sourceTree = "<group>"; };
		05585C71287DCDB5007F6205 /* Jobsity-Challenge.app */ = {isa = PBXFileReference; explicitFileType = wrapper.application; includeInIndex = 0; path = "Jobsity-Challenge.app"; sourceTree = BUILT_PRODUCTS_DIR; };
		05585C74287DCDB5007F6205 /* AppDelegate.swift */ = {isa = PBXFileReference; lastKnownFileType = sourcecode.swift; path = AppDelegate.swift; sourceTree = "<group>"; };
		05585C76287DCDB5007F6205 /* SceneDelegate.swift */ = {isa = PBXFileReference; lastKnownFileType = sourcecode.swift; path = SceneDelegate.swift; sourceTree = "<group>"; };
		05585C7E287DCDB5007F6205 /* Jobsity_Challenge.xcdatamodel */ = {isa = PBXFileReference; lastKnownFileType = wrapper.xcdatamodel; path = Jobsity_Challenge.xcdatamodel; sourceTree = "<group>"; };
		05585C80287DCDB6007F6205 /* Assets.xcassets */ = {isa = PBXFileReference; lastKnownFileType = folder.assetcatalog; path = Assets.xcassets; sourceTree = "<group>"; };
		05585C83287DCDB6007F6205 /* Base */ = {isa = PBXFileReference; lastKnownFileType = file.storyboard; name = Base; path = Base.lproj/LaunchScreen.storyboard; sourceTree = "<group>"; };
		05585C85287DCDB6007F6205 /* Info.plist */ = {isa = PBXFileReference; lastKnownFileType = text.plist.xml; path = Info.plist; sourceTree = "<group>"; };
		05585C8F287DCE8B007F6205 /* AppCoordinating.swift */ = {isa = PBXFileReference; lastKnownFileType = sourcecode.swift; path = AppCoordinating.swift; sourceTree = "<group>"; };
		05585C91287DCE91007F6205 /* AppCoordinator.swift */ = {isa = PBXFileReference; lastKnownFileType = sourcecode.swift; path = AppCoordinator.swift; sourceTree = "<group>"; };
		05585C93287DCEC7007F6205 /* Coordinator.swift */ = {isa = PBXFileReference; lastKnownFileType = sourcecode.swift; path = Coordinator.swift; sourceTree = "<group>"; };
		05585C96287DD041007F6205 /* SeriesListViewController.swift */ = {isa = PBXFileReference; lastKnownFileType = sourcecode.swift; path = SeriesListViewController.swift; sourceTree = "<group>"; };
		05585C97287DD041007F6205 /* SeriesListViewController.xib */ = {isa = PBXFileReference; lastKnownFileType = file.xib; path = SeriesListViewController.xib; sourceTree = "<group>"; };
		05E368AC287DD80F006C05C3 /* SeriesListViewModel.swift */ = {isa = PBXFileReference; lastKnownFileType = sourcecode.swift; path = SeriesListViewModel.swift; sourceTree = "<group>"; };
		05E368AF287DEE85006C05C3 /* UIViewController+Extensions.swift */ = {isa = PBXFileReference; lastKnownFileType = sourcecode.swift; path = "UIViewController+Extensions.swift"; sourceTree = "<group>"; };
		05E368BC287DF0FE006C05C3 /* HTTPClient.swift */ = {isa = PBXFileReference; lastKnownFileType = sourcecode.swift; path = HTTPClient.swift; sourceTree = "<group>"; };
		05E368BE287DF31E006C05C3 /* Pokemon.swift */ = {isa = PBXFileReference; lastKnownFileType = sourcecode.swift; path = Pokemon.swift; sourceTree = "<group>"; };
		05E368C0287DF343006C05C3 /* PokemonRepository.swift */ = {isa = PBXFileReference; lastKnownFileType = sourcecode.swift; path = PokemonRepository.swift; sourceTree = "<group>"; };
		05E368C2287DF564006C05C3 /* GetAllPokemonsUseCase.swift */ = {isa = PBXFileReference; lastKnownFileType = sourcecode.swift; path = GetAllPokemonsUseCase.swift; sourceTree = "<group>"; };
/* End PBXFileReference section */

/* Begin PBXFrameworksBuildPhase section */
		052741E8287DF74E009733DF /* Frameworks */ = {
			isa = PBXFrameworksBuildPhase;
			buildActionMask = 2147483647;
			files = (
			);
			runOnlyForDeploymentPostprocessing = 0;
		};
		05585C6E287DCDB5007F6205 /* Frameworks */ = {
			isa = PBXFrameworksBuildPhase;
			buildActionMask = 2147483647;
			files = (
				05E368A6287DD778006C05C3 /* RxRelay in Frameworks */,
				05E368A4287DD778006C05C3 /* RxCocoa in Frameworks */,
				05E368A8287DD778006C05C3 /* RxSwift in Frameworks */,
				05E368A1287DD747006C05C3 /* Kingfisher in Frameworks */,
				05E368AB287DD7DC006C05C3 /* SkeletonView in Frameworks */,
			);
			runOnlyForDeploymentPostprocessing = 0;
		};
/* End PBXFrameworksBuildPhase section */

/* Begin PBXGroup section */
		052741E4287DF6D5009733DF /* Tests */ = {
			isa = PBXGroup;
			children = (
				052741E5287DF6E5009733DF /* PokemonTests.swift */,
			);
			path = Tests;
			sourceTree = "<group>";
		};
		052741EC287DF74E009733DF /* Jobsity-ChallengeTests */ = {
			isa = PBXGroup;
			children = (
				052741ED287DF74E009733DF /* Jobsity_ChallengeTests.swift */,
			);
			path = "Jobsity-ChallengeTests";
			sourceTree = "<group>";
		};
		05585C68287DCDB5007F6205 = {
			isa = PBXGroup;
			children = (
				05585C73287DCDB5007F6205 /* Jobsity-Challenge */,
				052741EC287DF74E009733DF /* Jobsity-ChallengeTests */,
				05585C72287DCDB5007F6205 /* Products */,
			);
			sourceTree = "<group>";
		};
		05585C72287DCDB5007F6205 /* Products */ = {
			isa = PBXGroup;
			children = (
				05585C71287DCDB5007F6205 /* Jobsity-Challenge.app */,
				052741EB287DF74E009733DF /* Jobsity-ChallengeTests.xctest */,
			);
			name = Products;
			sourceTree = "<group>";
		};
		05585C73287DCDB5007F6205 /* Jobsity-Challenge */ = {
			isa = PBXGroup;
			children = (
				052741E4287DF6D5009733DF /* Tests */,
				05E368B3287DEE9A006C05C3 /* Models */,
				05E3689E287DD717006C05C3 /* Network */,
				05585C8B287DCE03007F6205 /* Resources */,
				05585C8C287DCE14007F6205 /* Navigation */,
				05585C8D287DCE1B007F6205 /* Views */,
				05585C7D287DCDB5007F6205 /* Jobsity_Challenge.xcdatamodeld */,
				05585C85287DCDB6007F6205 /* Info.plist */,
			);
			path = "Jobsity-Challenge";
			sourceTree = "<group>";
		};
		05585C8B287DCE03007F6205 /* Resources */ = {
			isa = PBXGroup;
			children = (
				05E368AE287DEE75006C05C3 /* Extensions */,
				05585C74287DCDB5007F6205 /* AppDelegate.swift */,
				05585C76287DCDB5007F6205 /* SceneDelegate.swift */,
				05585C80287DCDB6007F6205 /* Assets.xcassets */,
				05585C82287DCDB6007F6205 /* LaunchScreen.storyboard */,
				052741E2287DF6A9009733DF /* HTTPError.swift */,
			);
			path = Resources;
			sourceTree = "<group>";
		};
		05585C8C287DCE14007F6205 /* Navigation */ = {
			isa = PBXGroup;
			children = (
				05585C8F287DCE8B007F6205 /* AppCoordinating.swift */,
				05585C91287DCE91007F6205 /* AppCoordinator.swift */,
				05585C93287DCEC7007F6205 /* Coordinator.swift */,
			);
			path = Navigation;
			sourceTree = "<group>";
		};
		05585C8D287DCE1B007F6205 /* Views */ = {
			isa = PBXGroup;
			children = (
				05585C95287DCFED007F6205 /* Series List */,
			);
			path = Views;
			sourceTree = "<group>";
		};
		05585C95287DCFED007F6205 /* Series List */ = {
			isa = PBXGroup;
			children = (
				05585C96287DD041007F6205 /* SeriesListViewController.swift */,
				05585C97287DD041007F6205 /* SeriesListViewController.xib */,
				05E368AC287DD80F006C05C3 /* SeriesListViewModel.swift */,
			);
			path = "Series List";
			sourceTree = "<group>";
		};
		05E3689E287DD717006C05C3 /* Network */ = {
			isa = PBXGroup;
			children = (
				05E368B2287DEE95006C05C3 /* Repositories */,
				05E368B1287DEE91006C05C3 /* UseCases */,
				05E368BC287DF0FE006C05C3 /* HTTPClient.swift */,
			);
			path = Network;
			sourceTree = "<group>";
		};
		05E368AE287DEE75006C05C3 /* Extensions */ = {
			isa = PBXGroup;
			children = (
				05E368AF287DEE85006C05C3 /* UIViewController+Extensions.swift */,
			);
			path = Extensions;
			sourceTree = "<group>";
		};
		05E368B1287DEE91006C05C3 /* UseCases */ = {
			isa = PBXGroup;
			children = (
				05E368C2287DF564006C05C3 /* GetAllPokemonsUseCase.swift */,
			);
			path = UseCases;
			sourceTree = "<group>";
		};
		05E368B2287DEE95006C05C3 /* Repositories */ = {
			isa = PBXGroup;
			children = (
				05E368C0287DF343006C05C3 /* PokemonRepository.swift */,
			);
			path = Repositories;
			sourceTree = "<group>";
		};
		05E368B3287DEE9A006C05C3 /* Models */ = {
			isa = PBXGroup;
			children = (
				05E368BE287DF31E006C05C3 /* Pokemon.swift */,
			);
			path = Models;
			sourceTree = "<group>";
		};
/* End PBXGroup section */

/* Begin PBXNativeTarget section */
		052741EA287DF74E009733DF /* Jobsity-ChallengeTests */ = {
			isa = PBXNativeTarget;
			buildConfigurationList = 052741F1287DF74E009733DF /* Build configuration list for PBXNativeTarget "Jobsity-ChallengeTests" */;
			buildPhases = (
				052741E7287DF74E009733DF /* Sources */,
				052741E8287DF74E009733DF /* Frameworks */,
				052741E9287DF74E009733DF /* Resources */,
			);
			buildRules = (
			);
			dependencies = (
				052741F0287DF74E009733DF /* PBXTargetDependency */,
			);
			name = "Jobsity-ChallengeTests";
			productName = "Jobsity-ChallengeTests";
			productReference = 052741EB287DF74E009733DF /* Jobsity-ChallengeTests.xctest */;
			productType = "com.apple.product-type.bundle.unit-test";
		};
		05585C70287DCDB5007F6205 /* Jobsity-Challenge */ = {
			isa = PBXNativeTarget;
			buildConfigurationList = 05585C88287DCDB6007F6205 /* Build configuration list for PBXNativeTarget "Jobsity-Challenge" */;
			buildPhases = (
				05585C6D287DCDB5007F6205 /* Sources */,
				05585C6E287DCDB5007F6205 /* Frameworks */,
				05585C6F287DCDB5007F6205 /* Resources */,
			);
			buildRules = (
			);
			dependencies = (
			);
			name = "Jobsity-Challenge";
			packageProductDependencies = (
				05E368A0287DD747006C05C3 /* Kingfisher */,
				05E368A3287DD778006C05C3 /* RxCocoa */,
				05E368A5287DD778006C05C3 /* RxRelay */,
				05E368A7287DD778006C05C3 /* RxSwift */,
				05E368AA287DD7DC006C05C3 /* SkeletonView */,
			);
			productName = "Jobsity-Challenge";
			productReference = 05585C71287DCDB5007F6205 /* Jobsity-Challenge.app */;
			productType = "com.apple.product-type.application";
		};
/* End PBXNativeTarget section */

/* Begin PBXProject section */
		05585C69287DCDB5007F6205 /* Project object */ = {
			isa = PBXProject;
			attributes = {
				BuildIndependentTargetsInParallel = 1;
				LastSwiftUpdateCheck = 1340;
				LastUpgradeCheck = 1340;
				TargetAttributes = {
					052741EA287DF74E009733DF = {
						CreatedOnToolsVersion = 13.4.1;
						TestTargetID = 05585C70287DCDB5007F6205;
					};
					05585C70287DCDB5007F6205 = {
						CreatedOnToolsVersion = 13.4.1;
					};
				};
			};
			buildConfigurationList = 05585C6C287DCDB5007F6205 /* Build configuration list for PBXProject "Jobsity-Challenge" */;
			compatibilityVersion = "Xcode 13.0";
			developmentRegion = en;
			hasScannedForEncodings = 0;
			knownRegions = (
				en,
				Base,
			);
			mainGroup = 05585C68287DCDB5007F6205;
			packageReferences = (
				05E3689F287DD747006C05C3 /* XCRemoteSwiftPackageReference "Kingfisher" */,
				05E368A2287DD778006C05C3 /* XCRemoteSwiftPackageReference "RxSwift" */,
				05E368A9287DD7DC006C05C3 /* XCRemoteSwiftPackageReference "SkeletonView" */,
			);
			productRefGroup = 05585C72287DCDB5007F6205 /* Products */;
			projectDirPath = "";
			projectRoot = "";
			targets = (
				05585C70287DCDB5007F6205 /* Jobsity-Challenge */,
				052741EA287DF74E009733DF /* Jobsity-ChallengeTests */,
			);
		};
/* End PBXProject section */

/* Begin PBXResourcesBuildPhase section */
		052741E9287DF74E009733DF /* Resources */ = {
			isa = PBXResourcesBuildPhase;
			buildActionMask = 2147483647;
			files = (
			);
			runOnlyForDeploymentPostprocessing = 0;
		};
		05585C6F287DCDB5007F6205 /* Resources */ = {
			isa = PBXResourcesBuildPhase;
			buildActionMask = 2147483647;
			files = (
				05585C84287DCDB6007F6205 /* LaunchScreen.storyboard in Resources */,
				05585C81287DCDB6007F6205 /* Assets.xcassets in Resources */,
				05585C99287DD041007F6205 /* SeriesListViewController.xib in Resources */,
			);
			runOnlyForDeploymentPostprocessing = 0;
		};
/* End PBXResourcesBuildPhase section */

/* Begin PBXSourcesBuildPhase section */
		052741E7287DF74E009733DF /* Sources */ = {
			isa = PBXSourcesBuildPhase;
			buildActionMask = 2147483647;
			files = (
				052741EE287DF74E009733DF /* Jobsity_ChallengeTests.swift in Sources */,
				052741F4287DF753009733DF /* PokemonTests.swift in Sources */,
			);
			runOnlyForDeploymentPostprocessing = 0;
		};
		05585C6D287DCDB5007F6205 /* Sources */ = {
			isa = PBXSourcesBuildPhase;
			buildActionMask = 2147483647;
			files = (
				05585C7F287DCDB5007F6205 /* Jobsity_Challenge.xcdatamodeld in Sources */,
				05585C75287DCDB5007F6205 /* AppDelegate.swift in Sources */,
				052741E3287DF6A9009733DF /* HTTPError.swift in Sources */,
				05585C98287DD041007F6205 /* SeriesListViewController.swift in Sources */,
				05585C94287DCEC7007F6205 /* Coordinator.swift in Sources */,
				05E368B0287DEE85006C05C3 /* UIViewController+Extensions.swift in Sources */,
				05585C92287DCE91007F6205 /* AppCoordinator.swift in Sources */,
				05E368C3287DF564006C05C3 /* GetAllPokemonsUseCase.swift in Sources */,
				05E368BF287DF31E006C05C3 /* Pokemon.swift in Sources */,
				05E368BD287DF0FE006C05C3 /* HTTPClient.swift in Sources */,
				05585C90287DCE8B007F6205 /* AppCoordinating.swift in Sources */,
				05585C77287DCDB5007F6205 /* SceneDelegate.swift in Sources */,
				05E368AD287DD80F006C05C3 /* SeriesListViewModel.swift in Sources */,
				05E368C1287DF343006C05C3 /* PokemonRepository.swift in Sources */,
			);
			runOnlyForDeploymentPostprocessing = 0;
		};
/* End PBXSourcesBuildPhase section */

/* Begin PBXTargetDependency section */
		052741F0287DF74E009733DF /* PBXTargetDependency */ = {
			isa = PBXTargetDependency;
			target = 05585C70287DCDB5007F6205 /* Jobsity-Challenge */;
			targetProxy = 052741EF287DF74E009733DF /* PBXContainerItemProxy */;
		};
/* End PBXTargetDependency section */

/* Begin PBXVariantGroup section */
		05585C82287DCDB6007F6205 /* LaunchScreen.storyboard */ = {
			isa = PBXVariantGroup;
			children = (
				05585C83287DCDB6007F6205 /* Base */,
			);
			name = LaunchScreen.storyboard;
			sourceTree = "<group>";
		};
/* End PBXVariantGroup section */

/* Begin XCBuildConfiguration section */
		052741F2287DF74E009733DF /* Debug */ = {
			isa = XCBuildConfiguration;
			buildSettings = {
				BUNDLE_LOADER = "$(TEST_HOST)";
				CODE_SIGN_STYLE = Automatic;
				CURRENT_PROJECT_VERSION = 1;
				DEVELOPMENT_TEAM = 3XP27NL574;
				GENERATE_INFOPLIST_FILE = YES;
				MARKETING_VERSION = 1.0;
				PRODUCT_BUNDLE_IDENTIFIER = "com.pedropacheco.Jobsity-ChallengeTests";
				PRODUCT_NAME = "$(TARGET_NAME)";
				SWIFT_EMIT_LOC_STRINGS = NO;
				SWIFT_VERSION = 5.0;
				TARGETED_DEVICE_FAMILY = "1,2";
				TEST_HOST = "$(BUILT_PRODUCTS_DIR)/Jobsity-Challenge.app/Jobsity-Challenge";
			};
			name = Debug;
		};
		052741F3287DF74E009733DF /* Release */ = {
			isa = XCBuildConfiguration;
			buildSettings = {
				BUNDLE_LOADER = "$(TEST_HOST)";
				CODE_SIGN_STYLE = Automatic;
				CURRENT_PROJECT_VERSION = 1;
				DEVELOPMENT_TEAM = 3XP27NL574;
				GENERATE_INFOPLIST_FILE = YES;
				MARKETING_VERSION = 1.0;
				PRODUCT_BUNDLE_IDENTIFIER = "com.pedropacheco.Jobsity-ChallengeTests";
				PRODUCT_NAME = "$(TARGET_NAME)";
				SWIFT_EMIT_LOC_STRINGS = NO;
				SWIFT_VERSION = 5.0;
				TARGETED_DEVICE_FAMILY = "1,2";
				TEST_HOST = "$(BUILT_PRODUCTS_DIR)/Jobsity-Challenge.app/Jobsity-Challenge";
			};
			name = Release;
		};
		05585C86287DCDB6007F6205 /* Debug */ = {
			isa = XCBuildConfiguration;
			buildSettings = {
				ALWAYS_SEARCH_USER_PATHS = NO;
				CLANG_ANALYZER_NONNULL = YES;
				CLANG_ANALYZER_NUMBER_OBJECT_CONVERSION = YES_AGGRESSIVE;
				CLANG_CXX_LANGUAGE_STANDARD = "gnu++17";
				CLANG_ENABLE_MODULES = YES;
				CLANG_ENABLE_OBJC_ARC = YES;
				CLANG_ENABLE_OBJC_WEAK = YES;
				CLANG_WARN_BLOCK_CAPTURE_AUTORELEASING = YES;
				CLANG_WARN_BOOL_CONVERSION = YES;
				CLANG_WARN_COMMA = YES;
				CLANG_WARN_CONSTANT_CONVERSION = YES;
				CLANG_WARN_DEPRECATED_OBJC_IMPLEMENTATIONS = YES;
				CLANG_WARN_DIRECT_OBJC_ISA_USAGE = YES_ERROR;
				CLANG_WARN_DOCUMENTATION_COMMENTS = YES;
				CLANG_WARN_EMPTY_BODY = YES;
				CLANG_WARN_ENUM_CONVERSION = YES;
				CLANG_WARN_INFINITE_RECURSION = YES;
				CLANG_WARN_INT_CONVERSION = YES;
				CLANG_WARN_NON_LITERAL_NULL_CONVERSION = YES;
				CLANG_WARN_OBJC_IMPLICIT_RETAIN_SELF = YES;
				CLANG_WARN_OBJC_LITERAL_CONVERSION = YES;
				CLANG_WARN_OBJC_ROOT_CLASS = YES_ERROR;
				CLANG_WARN_QUOTED_INCLUDE_IN_FRAMEWORK_HEADER = YES;
				CLANG_WARN_RANGE_LOOP_ANALYSIS = YES;
				CLANG_WARN_STRICT_PROTOTYPES = YES;
				CLANG_WARN_SUSPICIOUS_MOVE = YES;
				CLANG_WARN_UNGUARDED_AVAILABILITY = YES_AGGRESSIVE;
				CLANG_WARN_UNREACHABLE_CODE = YES;
				CLANG_WARN__DUPLICATE_METHOD_MATCH = YES;
				COPY_PHASE_STRIP = NO;
				DEBUG_INFORMATION_FORMAT = dwarf;
				ENABLE_STRICT_OBJC_MSGSEND = YES;
				ENABLE_TESTABILITY = YES;
				GCC_C_LANGUAGE_STANDARD = gnu11;
				GCC_DYNAMIC_NO_PIC = NO;
				GCC_NO_COMMON_BLOCKS = YES;
				GCC_OPTIMIZATION_LEVEL = 0;
				GCC_PREPROCESSOR_DEFINITIONS = (
					"DEBUG=1",
					"$(inherited)",
				);
				GCC_WARN_64_TO_32_BIT_CONVERSION = YES;
				GCC_WARN_ABOUT_RETURN_TYPE = YES_ERROR;
				GCC_WARN_UNDECLARED_SELECTOR = YES;
				GCC_WARN_UNINITIALIZED_AUTOS = YES_AGGRESSIVE;
				GCC_WARN_UNUSED_FUNCTION = YES;
				GCC_WARN_UNUSED_VARIABLE = YES;
				IPHONEOS_DEPLOYMENT_TARGET = 15.5;
				MTL_ENABLE_DEBUG_INFO = INCLUDE_SOURCE;
				MTL_FAST_MATH = YES;
				ONLY_ACTIVE_ARCH = YES;
				SDKROOT = iphoneos;
				SWIFT_ACTIVE_COMPILATION_CONDITIONS = DEBUG;
				SWIFT_OPTIMIZATION_LEVEL = "-Onone";
			};
			name = Debug;
		};
		05585C87287DCDB6007F6205 /* Release */ = {
			isa = XCBuildConfiguration;
			buildSettings = {
				ALWAYS_SEARCH_USER_PATHS = NO;
				CLANG_ANALYZER_NONNULL = YES;
				CLANG_ANALYZER_NUMBER_OBJECT_CONVERSION = YES_AGGRESSIVE;
				CLANG_CXX_LANGUAGE_STANDARD = "gnu++17";
				CLANG_ENABLE_MODULES = YES;
				CLANG_ENABLE_OBJC_ARC = YES;
				CLANG_ENABLE_OBJC_WEAK = YES;
				CLANG_WARN_BLOCK_CAPTURE_AUTORELEASING = YES;
				CLANG_WARN_BOOL_CONVERSION = YES;
				CLANG_WARN_COMMA = YES;
				CLANG_WARN_CONSTANT_CONVERSION = YES;
				CLANG_WARN_DEPRECATED_OBJC_IMPLEMENTATIONS = YES;
				CLANG_WARN_DIRECT_OBJC_ISA_USAGE = YES_ERROR;
				CLANG_WARN_DOCUMENTATION_COMMENTS = YES;
				CLANG_WARN_EMPTY_BODY = YES;
				CLANG_WARN_ENUM_CONVERSION = YES;
				CLANG_WARN_INFINITE_RECURSION = YES;
				CLANG_WARN_INT_CONVERSION = YES;
				CLANG_WARN_NON_LITERAL_NULL_CONVERSION = YES;
				CLANG_WARN_OBJC_IMPLICIT_RETAIN_SELF = YES;
				CLANG_WARN_OBJC_LITERAL_CONVERSION = YES;
				CLANG_WARN_OBJC_ROOT_CLASS = YES_ERROR;
				CLANG_WARN_QUOTED_INCLUDE_IN_FRAMEWORK_HEADER = YES;
				CLANG_WARN_RANGE_LOOP_ANALYSIS = YES;
				CLANG_WARN_STRICT_PROTOTYPES = YES;
				CLANG_WARN_SUSPICIOUS_MOVE = YES;
				CLANG_WARN_UNGUARDED_AVAILABILITY = YES_AGGRESSIVE;
				CLANG_WARN_UNREACHABLE_CODE = YES;
				CLANG_WARN__DUPLICATE_METHOD_MATCH = YES;
				COPY_PHASE_STRIP = NO;
				DEBUG_INFORMATION_FORMAT = "dwarf-with-dsym";
				ENABLE_NS_ASSERTIONS = NO;
				ENABLE_STRICT_OBJC_MSGSEND = YES;
				GCC_C_LANGUAGE_STANDARD = gnu11;
				GCC_NO_COMMON_BLOCKS = YES;
				GCC_WARN_64_TO_32_BIT_CONVERSION = YES;
				GCC_WARN_ABOUT_RETURN_TYPE = YES_ERROR;
				GCC_WARN_UNDECLARED_SELECTOR = YES;
				GCC_WARN_UNINITIALIZED_AUTOS = YES_AGGRESSIVE;
				GCC_WARN_UNUSED_FUNCTION = YES;
				GCC_WARN_UNUSED_VARIABLE = YES;
				IPHONEOS_DEPLOYMENT_TARGET = 15.5;
				MTL_ENABLE_DEBUG_INFO = NO;
				MTL_FAST_MATH = YES;
				SDKROOT = iphoneos;
				SWIFT_COMPILATION_MODE = wholemodule;
				SWIFT_OPTIMIZATION_LEVEL = "-O";
				VALIDATE_PRODUCT = YES;
			};
			name = Release;
		};
		05585C89287DCDB6007F6205 /* Debug */ = {
			isa = XCBuildConfiguration;
			buildSettings = {
				ASSETCATALOG_COMPILER_APPICON_NAME = AppIcon;
				ASSETCATALOG_COMPILER_GLOBAL_ACCENT_COLOR_NAME = AccentColor;
				CODE_SIGN_STYLE = Automatic;
				CURRENT_PROJECT_VERSION = 1;
				DEVELOPMENT_TEAM = 3XP27NL574;
				GENERATE_INFOPLIST_FILE = YES;
				INFOPLIST_FILE = "Jobsity-Challenge/Info.plist";
				INFOPLIST_KEY_UIApplicationSupportsIndirectInputEvents = YES;
				INFOPLIST_KEY_UILaunchStoryboardName = LaunchScreen;
				INFOPLIST_KEY_UISupportedInterfaceOrientations = UIInterfaceOrientationPortrait;
				INFOPLIST_KEY_UISupportedInterfaceOrientations_iPad = "UIInterfaceOrientationPortrait UIInterfaceOrientationPortraitUpsideDown UIInterfaceOrientationLandscapeLeft UIInterfaceOrientationLandscapeRight";
				INFOPLIST_KEY_UISupportedInterfaceOrientations_iPhone = "UIInterfaceOrientationPortrait UIInterfaceOrientationLandscapeLeft UIInterfaceOrientationLandscapeRight";
				IPHONEOS_DEPLOYMENT_TARGET = 13.0;
				LD_RUNPATH_SEARCH_PATHS = (
					"$(inherited)",
					"@executable_path/Frameworks",
				);
				MARKETING_VERSION = 1.0;
				PRODUCT_BUNDLE_IDENTIFIER = "com.pedropacheco.Jobsity-Challenge";
				PRODUCT_NAME = "$(TARGET_NAME)";
				SWIFT_EMIT_LOC_STRINGS = YES;
				SWIFT_VERSION = 5.0;
				TARGETED_DEVICE_FAMILY = "1,2";
			};
			name = Debug;
		};
		05585C8A287DCDB6007F6205 /* Release */ = {
			isa = XCBuildConfiguration;
			buildSettings = {
				ASSETCATALOG_COMPILER_APPICON_NAME = AppIcon;
				ASSETCATALOG_COMPILER_GLOBAL_ACCENT_COLOR_NAME = AccentColor;
				CODE_SIGN_STYLE = Automatic;
				CURRENT_PROJECT_VERSION = 1;
				DEVELOPMENT_TEAM = 3XP27NL574;
				GENERATE_INFOPLIST_FILE = YES;
				INFOPLIST_FILE = "Jobsity-Challenge/Info.plist";
				INFOPLIST_KEY_UIApplicationSupportsIndirectInputEvents = YES;
				INFOPLIST_KEY_UILaunchStoryboardName = LaunchScreen;
				INFOPLIST_KEY_UISupportedInterfaceOrientations = UIInterfaceOrientationPortrait;
				INFOPLIST_KEY_UISupportedInterfaceOrientations_iPad = "UIInterfaceOrientationPortrait UIInterfaceOrientationPortraitUpsideDown UIInterfaceOrientationLandscapeLeft UIInterfaceOrientationLandscapeRight";
				INFOPLIST_KEY_UISupportedInterfaceOrientations_iPhone = "UIInterfaceOrientationPortrait UIInterfaceOrientationLandscapeLeft UIInterfaceOrientationLandscapeRight";
				IPHONEOS_DEPLOYMENT_TARGET = 13.0;
				LD_RUNPATH_SEARCH_PATHS = (
					"$(inherited)",
					"@executable_path/Frameworks",
				);
				MARKETING_VERSION = 1.0;
				PRODUCT_BUNDLE_IDENTIFIER = "com.pedropacheco.Jobsity-Challenge";
				PRODUCT_NAME = "$(TARGET_NAME)";
				SWIFT_EMIT_LOC_STRINGS = YES;
				SWIFT_VERSION = 5.0;
				TARGETED_DEVICE_FAMILY = "1,2";
			};
			name = Release;
		};
/* End XCBuildConfiguration section */

/* Begin XCConfigurationList section */
		052741F1287DF74E009733DF /* Build configuration list for PBXNativeTarget "Jobsity-ChallengeTests" */ = {
			isa = XCConfigurationList;
			buildConfigurations = (
				052741F2287DF74E009733DF /* Debug */,
				052741F3287DF74E009733DF /* Release */,
			);
			defaultConfigurationIsVisible = 0;
			defaultConfigurationName = Release;
		};
		05585C6C287DCDB5007F6205 /* Build configuration list for PBXProject "Jobsity-Challenge" */ = {
			isa = XCConfigurationList;
			buildConfigurations = (
				05585C86287DCDB6007F6205 /* Debug */,
				05585C87287DCDB6007F6205 /* Release */,
			);
			defaultConfigurationIsVisible = 0;
			defaultConfigurationName = Release;
		};
		05585C88287DCDB6007F6205 /* Build configuration list for PBXNativeTarget "Jobsity-Challenge" */ = {
			isa = XCConfigurationList;
			buildConfigurations = (
				05585C89287DCDB6007F6205 /* Debug */,
				05585C8A287DCDB6007F6205 /* Release */,
			);
			defaultConfigurationIsVisible = 0;
			defaultConfigurationName = Release;
		};
/* End XCConfigurationList section */

/* Begin XCRemoteSwiftPackageReference section */
		05E3689F287DD747006C05C3 /* XCRemoteSwiftPackageReference "Kingfisher" */ = {
			isa = XCRemoteSwiftPackageReference;
			repositoryURL = "https://github.com/onevcat/Kingfisher.git";
			requirement = {
				kind = upToNextMajorVersion;
				minimumVersion = 7.0.0;
			};
		};
		05E368A2287DD778006C05C3 /* XCRemoteSwiftPackageReference "RxSwift" */ = {
			isa = XCRemoteSwiftPackageReference;
			repositoryURL = "https://github.com/ReactiveX/RxSwift.git";
			requirement = {
				branch = main;
				kind = branch;
			};
		};
		05E368A9287DD7DC006C05C3 /* XCRemoteSwiftPackageReference "SkeletonView" */ = {
			isa = XCRemoteSwiftPackageReference;
			repositoryURL = "https://github.com/Juanpe/SkeletonView.git";
			requirement = {
				kind = upToNextMajorVersion;
				minimumVersion = 1.0.0;
			};
		};
/* End XCRemoteSwiftPackageReference section */

/* Begin XCSwiftPackageProductDependency section */
		05E368A0287DD747006C05C3 /* Kingfisher */ = {
			isa = XCSwiftPackageProductDependency;
			package = 05E3689F287DD747006C05C3 /* XCRemoteSwiftPackageReference "Kingfisher" */;
			productName = Kingfisher;
		};
		05E368A3287DD778006C05C3 /* RxCocoa */ = {
			isa = XCSwiftPackageProductDependency;
			package = 05E368A2287DD778006C05C3 /* XCRemoteSwiftPackageReference "RxSwift" */;
			productName = RxCocoa;
		};
		05E368A5287DD778006C05C3 /* RxRelay */ = {
			isa = XCSwiftPackageProductDependency;
			package = 05E368A2287DD778006C05C3 /* XCRemoteSwiftPackageReference "RxSwift" */;
			productName = RxRelay;
		};
		05E368A7287DD778006C05C3 /* RxSwift */ = {
			isa = XCSwiftPackageProductDependency;
			package = 05E368A2287DD778006C05C3 /* XCRemoteSwiftPackageReference "RxSwift" */;
			productName = RxSwift;
		};
		05E368AA287DD7DC006C05C3 /* SkeletonView */ = {
			isa = XCSwiftPackageProductDependency;
			package = 05E368A9287DD7DC006C05C3 /* XCRemoteSwiftPackageReference "SkeletonView" */;
			productName = SkeletonView;
		};
/* End XCSwiftPackageProductDependency section */

/* Begin XCVersionGroup section */
		05585C7D287DCDB5007F6205 /* Jobsity_Challenge.xcdatamodeld */ = {
			isa = XCVersionGroup;
			children = (
				05585C7E287DCDB5007F6205 /* Jobsity_Challenge.xcdatamodel */,
			);
			currentVersion = 05585C7E287DCDB5007F6205 /* Jobsity_Challenge.xcdatamodel */;
			path = Jobsity_Challenge.xcdatamodeld;
			sourceTree = "<group>";
			versionGroupType = wrapper.xcdatamodel;
		};
/* End XCVersionGroup section */
	};
	rootObject = 05585C69287DCDB5007F6205 /* Project object */;
}
